{
  "name": "starter-template-basic-javascript",
  "version": "1.0.0",
  "lockfileVersion": 3,
  "requires": true,
  "packages": {
    "": {
      "name": "starter-template-basic-javascript",
      "version": "1.0.0",
      "license": "MIT",
      "devDependencies": {
        "phasereditor2d-launcher": "^3.32.0"
      }
    },
    "node_modules/adm-zip": {
      "version": "0.5.10",
      "resolved": "https://registry.npmjs.org/adm-zip/-/adm-zip-0.5.10.tgz",
      "integrity": "sha512-x0HvcHqVJNTPk/Bw8JbLWlWoo6Wwnsug0fnYYro1HBrjxZ3G7/AZk7Ahv8JwDe1uIcz8eBqvu86FuF1POiG7vQ==",
      "dev": true,
      "engines": {
        "node": ">=6.0"
      }
    },
    "node_modules/phasereditor2d-launcher": {
      "version": "3.64.0",
      "resolved": "https://registry.npmjs.org/phasereditor2d-launcher/-/phasereditor2d-launcher-3.64.0.tgz",
      "integrity": "sha512-7AIuwfvCzpoa3oW18BOdUzWRdnXK6WAaMI6lV9pnajby6MVlZzA4YnCpyYXcHfUqV7EuJ96OtehgXwzWRNNwTw==",
      "dev": true,
      "dependencies": {
        "adm-zip": "^0.5.5"
      },
      "bin": {
        "phasereditor2d-launcher": "cli.js"
      }
    }
  }
}
